
Microsoft Visual Studio Solution File, Format Version 12.00
# Visual Studio Version 17
VisualStudioVersion = 17.3.32901.215
MinimumVisualStudioVersion = 10.0.40219.1
Project("{FAE04EC0-301F-11D3-BF4B-00C04F79EFBC}") = "DllProjeUygulama", "DllProjeUygulama\DllProjeUygulama.csproj", "{93D4DAD2-D7C2-419C-AB48-6A59D96A7429}"
EndProject
Global
	GlobalSection(SolutionConfigurationPlatforms) = preSolution
		Debug|Any CPU = Debug|Any CPU
		Release|Any CPU = Release|Any CPU
	EndGlobalSection
	GlobalSection(ProjectConfigurationPlatforms) = postSolution
		{93D4DAD2-D7C2-419C-AB48-6A59D96A7429}.Debug|Any CPU.ActiveCfg = Debug|Any CPU
		{93D4DAD2-D7C2-419C-AB48-6A59D96A7429}.Debug|Any CPU.Build.0 = Debug|Any CPU
		{93D4DAD2-D7C2-419C-AB48-6A59D96A7429}.Release|Any CPU.ActiveCfg = Release|Any CPU
		{93D4DAD2-D7C2-419C-AB48-6A59D96A7429}.Release|Any CPU.Build.0 = Release|Any CPU
	EndGlobalSection
	GlobalSection(SolutionProperties) = preSolution
		HideSolutionNode = FALSE
	EndGlobalSection
	GlobalSection(ExtensibilityGlobals) = postSolution
		SolutionGuid = {C37560E5-0BBE-4635-8B36-06AC5F75765C}
	EndGlobalSection
EndGlobal
